# This file was autogenerated by Stack.
# You should not edit this file by hand.
# For more information, please see the documentation at:
#   https://docs.haskellstack.org/en/stable/lock_files

packages: []
snapshots:
- completed:
    size: 502589
    url: https://raw.githubusercontent.com/commercialhaskell/stackage-snapshots/master/lts/12/8.yaml
    sha256: 68edd0f7c0c86755fe60278bc9523cb9ecca3858ac87d460696743bceffbd6f7
  original: lts-12.8
